PODS:
  - Espresso/All (3.0.0):
    - Espresso/Combine
    - Espresso/Core
    - Espresso/PromiseKit
    - Espresso/Rx
    - Espresso/UI
  - Espresso/Combine (3.0.0):
    - Espresso/Combine-Core
    - Espresso/Combine-PromiseKit
    - Espresso/Combine-UIKit
  - Espresso/Combine-Core (3.0.0):
    - Espresso/Core
  - Espresso/Combine-PromiseKit (3.0.0):
    - Espresso/Combine-Core
    - Espresso/PromiseKit-Core
  - Espresso/Combine-UIKit (3.0.0):
    - Espresso/Combine-Core
    - Espresso/UI-UIKit-MVVM
  - Espresso/Core (3.0.0):
    - Espresso/Core-Core
    - Espresso/Core-MVVM
    - Espresso/Core-Types
  - Espresso/Core-Core (3.0.0)
  - Espresso/Core-MVVM (3.0.0)
  - Espresso/Core-Types (3.0.0)
  - Espresso/PromiseKit (3.0.0):
    - Espresso/PromiseKit-Core
  - Espresso/PromiseKit-Core (3.0.0):
    - PromiseKit (~> 6.0)
  - Espresso/Rx (3.0.0):
    - Espresso/Rx-Core
    - Espresso/Rx-PromiseKit
    - Espresso/Rx-UIKit
  - Espresso/Rx-Core (3.0.0):
    - Espresso/Core
    - RxCocoa (~> 6.0)
    - RxSwift (~> 6.0)
  - Espresso/Rx-PromiseKit (3.0.0):
    - Espresso/PromiseKit-Core
    - Espresso/Rx-Core
  - Espresso/Rx-UIKit (3.0.0):
    - Espresso/Rx-Core
    - Espresso/UI-UIKit-MVVM
  - Espresso/UI (3.0.0):
    - Espresso/UI-Core
    - Espresso/UI-SwiftUI
    - Espresso/UI-UIKit
    - Espresso/UI-UIKit-MVVM
  - Espresso/UI-Core (3.0.0):
    - Espresso/Core
  - Espresso/UI-SwiftUI (3.0.0):
    - Espresso/UI-UIKit
  - Espresso/UI-UIKit (3.0.0):
    - Espresso/UI-Core
    - SnapKit (~> 5.0)
  - Espresso/UI-UIKit-MVVM (3.0.0):
    - Espresso/UI-UIKit
  - PromiseKit (6.17.1):
    - PromiseKit/CorePromise (= 6.17.1)
    - PromiseKit/Foundation (= 6.17.1)
    - PromiseKit/UIKit (= 6.17.1)
  - PromiseKit/CorePromise (6.17.1)
  - PromiseKit/Foundation (6.17.1):
    - PromiseKit/CorePromise
  - PromiseKit/UIKit (6.17.1):
    - PromiseKit/CorePromise
  - RxCocoa (6.5.0):
    - RxRelay (= 6.5.0)
    - RxSwift (= 6.5.0)
  - RxRelay (6.5.0):
    - RxSwift (= 6.5.0)
  - RxSwift (6.5.0)
  - SnapKit (5.6.0)

DEPENDENCIES:
  - Espresso/All (from `../`)

SPEC REPOS:
  trunk:
    - PromiseKit
    - RxCocoa
    - RxRelay
    - RxSwift
    - SnapKit

EXTERNAL SOURCES:
  Espresso:
    :path: "../"

SPEC CHECKSUMS:
  Espresso: 60772c10f9777a0997febdc1c2f695d807a41848
  PromiseKit: ee485df3d4dc570594d7e7aecae6352697dc6a4c
  RxCocoa: 94f817b71c07517321eb4f9ad299112ca8af743b
  RxRelay: 1de1523e604c72b6c68feadedd1af3b1b4d0ecbd
  RxSwift: 5710a9e6b17f3c3d6e40d6e559b9fa1e813b2ef8
  SnapKit: e01d52ebb8ddbc333eefe2132acf85c8227d9c25

PODFILE CHECKSUM: 23087355445a3b8e0e8ca6fc1135b156118e4431

COCOAPODS: 1.11.3
