PODS:
  - CombineExt (1.8.0)
  - Espresso/All (3.0.0):
    - Espresso/Core
    - Espresso/PromiseKit
    - Espresso/UI
  - Espresso/Core (3.0.0):
    - CombineExt (~> 1.0)
  - Espresso/PromiseKit (3.0.0):
    - Espresso/Core
    - PromiseKit (~> 6.0)
  - Espresso/UI (3.0.0):
    - Espresso/UI-Core
    - Espresso/UI-SwiftUI
    - Espresso/UI-UIKit
  - Espresso/UI-Core (3.0.0):
    - Espresso/Core
  - Espresso/UI-SwiftUI (3.0.0):
    - Espresso/UI-UIKit
  - Espresso/UI-UIKit (3.0.0):
    - Espresso/UI-Core
    - SnapKit (~> 5.0)
  - PromiseKit (6.17.1):
    - PromiseKit/CorePromise (= 6.17.1)
    - PromiseKit/Foundation (= 6.17.1)
    - PromiseKit/UIKit (= 6.17.1)
  - PromiseKit/CorePromise (6.17.1)
  - PromiseKit/Foundation (6.17.1):
    - PromiseKit/CorePromise
  - PromiseKit/UIKit (6.17.1):
    - PromiseKit/CorePromise
  - SnapKit (5.6.0)

DEPENDENCIES:
  - Espresso/All (from `../`)

SPEC REPOS:
  trunk:
    - CombineExt
    - PromiseKit
    - SnapKit

EXTERNAL SOURCES:
  Espresso:
    :path: "../"

SPEC CHECKSUMS:
  CombineExt: c4daa97ef75754d8ef319bd79edeef82652f3eea
  Espresso: 2f5fb09e2287bc09946da39b77c1b82341c70d99
  PromiseKit: ee485df3d4dc570594d7e7aecae6352697dc6a4c
  SnapKit: e01d52ebb8ddbc333eefe2132acf85c8227d9c25

PODFILE CHECKSUM: 23087355445a3b8e0e8ca6fc1135b156118e4431

COCOAPODS: 1.11.3
