{
  "pins" : [
    {
      "identity" : "combineext",
      "kind" : "remoteSourceControl",
      "location" : "https://github.com/CombineCommunity/CombineExt",
      "state" : {
        "revision" : "d7b896fa9ca8b47fa7bcde6b43ef9b70bf8c1f56",
        "version" : "1.8.1"
      }
    },
    {
      "identity" : "lumberjack",
      "kind" : "remoteSourceControl",
      "location" : "https://github.com/mitchtreece/Lumberjack",
      "state" : {
        "revision" : "63197ef2867faccd1b8a8dfd6e5c57dc1c7f128b",
        "version" : "1.4.2"
      }
    },
    {
      "identity" : "promisekit",
      "kind" : "remoteSourceControl",
      "location" : "https://github.com/mxcl/PromiseKit",
      "state" : {
        "revision" : "8a98e31a47854d3180882c8068cc4d9381bf382d",
        "version" : "6.22.1"
      }
    },
    {
      "identity" : "pulse",
      "kind" : "remoteSourceControl",
      "location" : "https://github.com/kean/Pulse",
      "state" : {
        "revision" : "4f34c4f91cda623a7627e6d5e35dbbbb514b8daa",
        "version" : "4.1.1"
      }
    },
    {
      "identity" : "sfsafesymbols",
      "kind" : "remoteSourceControl",
      "location" : "https://github.com/SFSafeSymbols/SFSafeSymbols",
      "state" : {
        "revision" : "afd0a1da4ed62bab1413caa6dd6b60a7a7089ed2",
        "version" : "5.2.0"
      }
    },
    {
      "identity" : "snapkit",
      "kind" : "remoteSourceControl",
      "location" : "https://github.com/SnapKit/SnapKit",
      "state" : {
        "revision" : "2842e6e84e82eb9a8dac0100ca90d9444b0307f4",
        "version" : "5.7.1"
      }
    }
  ],
  "version" : 2
}
